{
  "lockfile_version": "1",
  "packages": {
    "github:NixOS/nixpkgs/nixpkgs-unstable": {
      "last_modified": "2026-07-18T08:47:58Z",
      "resolved": "github:NixOS/nixpkgs/20535e48e12c86043b577b8518234ff5dbb26957?lastModified=1784364478&narHash=sha256-CdItYNdYUlm7NxqMVyQKqT2IxTwvapiPuRLWOyHTrbY%3D"
    },
    "php85Extensions.xdebug@3.5.3": {
      "last_modified": "2026-07-08T21:13:06Z",
      "resolved": "github:NixOS/nixpkgs/389ed85304b281ca7f306cf8a1eb4378651ca44e#php85Extensions.xdebug",
      "source": "devbox-search",
      "version": "3.5.3",
      "systems": {
        "aarch64-darwin": {
          "outputs": [
            {
              "name": "out",
              "path": "/nix/store/rdz9316aqjzgir9v829m4l3jnmfbxq3h-php-xdebug-3.5.3",
              "default": true
            }
          ],
          "store_path": "/nix/store/rdz9316aqjzgir9v829m4l3jnmfbxq3h-php-xdebug-3.5.3"
        },
        "aarch64-linux": {
          "outputs": [
            {
              "name": "out",
              "path": "/nix/store/gz837ijdc4x62p4vbp309qlj3kznm16m-php-xdebug-3.5.3",
              "default": true
            }
          ],
          "store_path": "/nix/store/gz837ijdc4x62p4vbp309qlj3kznm16m-php-xdebug-3.5.3"
        },
        "x86_64-darwin": {
          "outputs": [
            {
              "name": "out",
              "path": "/nix/store/579lplljlnnn36909n7iy64n1k0dhg1a-php-xdebug-3.5.3",
              "default": true
            }
          ],
          "store_path": "/nix/store/579lplljlnnn36909n7iy64n1k0dhg1a-php-xdebug-3.5.3"
        },
        "x86_64-linux": {
          "outputs": [
            {
              "name": "out",
              "path": "/nix/store/p2xj786bqf7l3r8szihi1l8i6lkyp6ba-php-xdebug-3.5.3",
              "default": true
            }
          ],
          "store_path": "/nix/store/p2xj786bqf7l3r8szihi1l8i6lkyp6ba-php-xdebug-3.5.3"
        }
      }
    },
    "php@8.5.9": {
      "last_modified": "2026-08-01T16:34:20Z",
      "plugin_version": "0.0.3",
      "resolved": "github:NixOS/nixpkgs/a5cbcfe954791221bfffe2307f7d1a1bf61a871e#php85",
      "source": "devbox-search",
      "version": "8.5.9",
      "systems": {
        "aarch64-darwin": {
          "outputs": [
            {
              "name": "out",
              "path": "/nix/store/aq2b871asvyc1c9fak7zpw945bjwa4yx-php-with-extensions-8.5.9",
              "default": true
            }
          ],
          "store_path": "/nix/store/aq2b871asvyc1c9fak7zpw945bjwa4yx-php-with-extensions-8.5.9"
        },
        "aarch64-linux": {
          "outputs": [
            {
              "name": "out",
              "path": "/nix/store/f3ffppblva9p3x8rm0z20lwsl2fdvxjp-php-with-extensions-8.5.9",
              "default": true
            }
          ],
          "store_path": "/nix/store/f3ffppblva9p3x8rm0z20lwsl2fdvxjp-php-with-extensions-8.5.9"
        },
        "x86_64-linux": {
          "outputs": [
            {
              "name": "out",
              "path": "/nix/store/fnyn2d9jh1cc2ggzb6sc6k1n85yypibg-php-with-extensions-8.5.9",
              "default": true
            }
          ],
          "store_path": "/nix/store/fnyn2d9jh1cc2ggzb6sc6k1n85yypibg-php-with-extensions-8.5.9"
        }
      }
    }
  }
}
