{
  "lockfile_version": "1",
  "packages": {
    "github:NixOS/nixpkgs/nixpkgs-unstable": {
      "last_modified": "2026-04-16T08:46:55Z",
      "resolved": "github:NixOS/nixpkgs/b86751bc4085f48661017fa226dee99fab6c651b?lastModified=1776329215&narHash=sha256-a8BYi3mzoJ%2FAcJP8UldOx8emoPRLeWqALZWu4ZvjPXw%3D"
    },
    "php84Extensions.xdebug@latest": {
      "last_modified": "2026-04-15T03:58:42Z",
      "resolved": "github:NixOS/nixpkgs/975dad1a84d727dce241bb41b27191948fa5a956#php84Extensions.xdebug",
      "source": "devbox-search",
      "version": "3.5.1",
      "systems": {
        "aarch64-darwin": {
          "outputs": [
            {
              "name": "out",
              "path": "/nix/store/fylr7ydsz6radcda3h46ajnzv2fhy8hx-php-xdebug-3.5.1",
              "default": true
            }
          ],
          "store_path": "/nix/store/fylr7ydsz6radcda3h46ajnzv2fhy8hx-php-xdebug-3.5.1"
        },
        "aarch64-linux": {
          "outputs": [
            {
              "name": "out",
              "path": "/nix/store/h1p0fjkvsvqn4qxzrc8kqfx3w8l8x3ps-php-xdebug-3.5.1",
              "default": true
            }
          ],
          "store_path": "/nix/store/h1p0fjkvsvqn4qxzrc8kqfx3w8l8x3ps-php-xdebug-3.5.1"
        },
        "x86_64-darwin": {
          "outputs": [
            {
              "name": "out",
              "path": "/nix/store/718jfg4cm9vxav8k1ghjssq1cg9l1rg1-php-xdebug-3.5.1",
              "default": true
            }
          ],
          "store_path": "/nix/store/718jfg4cm9vxav8k1ghjssq1cg9l1rg1-php-xdebug-3.5.1"
        },
        "x86_64-linux": {
          "outputs": [
            {
              "name": "out",
              "path": "/nix/store/4nd4ngvjcbx041r4wjr1p1r09c3lnj1d-php-xdebug-3.5.1",
              "default": true
            }
          ],
          "store_path": "/nix/store/4nd4ngvjcbx041r4wjr1p1r09c3lnj1d-php-xdebug-3.5.1"
        }
      }
    },
    "php@8.4.20": {
      "last_modified": "2026-04-16T08:46:55Z",
      "plugin_version": "0.0.3",
      "resolved": "github:NixOS/nixpkgs/b86751bc4085f48661017fa226dee99fab6c651b#php",
      "source": "devbox-search",
      "version": "8.4.20",
      "systems": {
        "aarch64-darwin": {
          "outputs": [
            {
              "name": "out",
              "path": "/nix/store/zj95d0fi36w6r44ajihva1rdsifrdvcr-php-with-extensions-8.4.20",
              "default": true
            }
          ],
          "store_path": "/nix/store/zj95d0fi36w6r44ajihva1rdsifrdvcr-php-with-extensions-8.4.20"
        },
        "aarch64-linux": {
          "outputs": [
            {
              "name": "out",
              "path": "/nix/store/yvbwx6mszh8ybx5am9y6m8bvnm7nw44w-php-with-extensions-8.4.20",
              "default": true
            }
          ],
          "store_path": "/nix/store/yvbwx6mszh8ybx5am9y6m8bvnm7nw44w-php-with-extensions-8.4.20"
        },
        "x86_64-darwin": {
          "outputs": [
            {
              "name": "out",
              "path": "/nix/store/8gsa6vacpz9wmg2ry7gdszg029clvmk4-php-with-extensions-8.4.20",
              "default": true
            }
          ],
          "store_path": "/nix/store/8gsa6vacpz9wmg2ry7gdszg029clvmk4-php-with-extensions-8.4.20"
        },
        "x86_64-linux": {
          "outputs": [
            {
              "name": "out",
              "path": "/nix/store/pl8ks6dym3las0mir2a2zx6ywsk1p9d1-php-with-extensions-8.4.20",
              "default": true
            }
          ],
          "store_path": "/nix/store/pl8ks6dym3las0mir2a2zx6ywsk1p9d1-php-with-extensions-8.4.20"
        }
      }
    }
  }
}
