{
  "lockfile_version": "1",
  "packages": {
    "github:NixOS/nixpkgs/nixpkgs-unstable": {
      "last_modified": "2026-06-12T12:41:42Z",
      "resolved": "github:NixOS/nixpkgs/49a4bd0573c376468dd7996ddb6f9fa31d8c4d97?lastModified=1781268102&narHash=sha256-Zn5KTggEmUB3lXn%2FccERNcBdddE6IaOFber9dWViWDg%3D"
    },
    "php85Extensions.xdebug@3.5.3": {
      "last_modified": "2026-06-13T05:27:44Z",
      "resolved": "github:NixOS/nixpkgs/5a722a7155bfc9fbe657f28d26b71860d95324bc#php85Extensions.xdebug",
      "source": "devbox-search",
      "version": "3.5.3",
      "systems": {
        "aarch64-darwin": {
          "outputs": [
            {
              "name": "out",
              "path": "/nix/store/w0vhijzabv7mg0sc2cny9f4b674v9fkp-php-xdebug-3.5.3",
              "default": true
            }
          ],
          "store_path": "/nix/store/w0vhijzabv7mg0sc2cny9f4b674v9fkp-php-xdebug-3.5.3"
        },
        "aarch64-linux": {
          "outputs": [
            {
              "name": "out",
              "path": "/nix/store/vjq40gjqi309jrlniv5rmrj5vqrw2g4h-php-xdebug-3.5.3",
              "default": true
            }
          ],
          "store_path": "/nix/store/vjq40gjqi309jrlniv5rmrj5vqrw2g4h-php-xdebug-3.5.3"
        },
        "x86_64-darwin": {
          "outputs": [
            {
              "name": "out",
              "path": "/nix/store/7a3ikqvcs22q2932ixckwwjngpr8lrfr-php-xdebug-3.5.3",
              "default": true
            }
          ],
          "store_path": "/nix/store/7a3ikqvcs22q2932ixckwwjngpr8lrfr-php-xdebug-3.5.3"
        },
        "x86_64-linux": {
          "outputs": [
            {
              "name": "out",
              "path": "/nix/store/vxggwca1sapvjnwa7mz6bgjypg4gs2sy-php-xdebug-3.5.3",
              "default": true
            }
          ],
          "store_path": "/nix/store/vxggwca1sapvjnwa7mz6bgjypg4gs2sy-php-xdebug-3.5.3"
        }
      }
    },
    "php@8.5.8": {
      "last_modified": "2026-07-08T21:13:06Z",
      "plugin_version": "0.0.3",
      "resolved": "github:NixOS/nixpkgs/389ed85304b281ca7f306cf8a1eb4378651ca44e#php85",
      "source": "devbox-search",
      "version": "8.5.8",
      "systems": {
        "aarch64-darwin": {
          "outputs": [
            {
              "name": "out",
              "path": "/nix/store/r6yv7gjiiy4cbalxka5q5a55a13ka80l-php-with-extensions-8.5.8",
              "default": true
            }
          ],
          "store_path": "/nix/store/r6yv7gjiiy4cbalxka5q5a55a13ka80l-php-with-extensions-8.5.8"
        },
        "aarch64-linux": {
          "outputs": [
            {
              "name": "out",
              "path": "/nix/store/rv8qg1dggd6wdb322jnvig0almk7qyy0-php-with-extensions-8.5.8",
              "default": true
            }
          ],
          "store_path": "/nix/store/rv8qg1dggd6wdb322jnvig0almk7qyy0-php-with-extensions-8.5.8"
        },
        "x86_64-darwin": {
          "outputs": [
            {
              "name": "out",
              "path": "/nix/store/w6hrr49zzp4cnfp6m0589nzb9qprafc3-php-with-extensions-8.5.8",
              "default": true
            }
          ],
          "store_path": "/nix/store/w6hrr49zzp4cnfp6m0589nzb9qprafc3-php-with-extensions-8.5.8"
        },
        "x86_64-linux": {
          "outputs": [
            {
              "name": "out",
              "path": "/nix/store/p2vinyvlzxh6fb48pbjb2xgwn28zbjs7-php-with-extensions-8.5.8",
              "default": true
            }
          ],
          "store_path": "/nix/store/p2vinyvlzxh6fb48pbjb2xgwn28zbjs7-php-with-extensions-8.5.8"
        }
      }
    }
  }
}
